github.com/88labs/go-utils/aws v0.221.0 h1:UV04KPacuzifT0TCWwDD2j8J/wI4F8g1WmP9qZQNCEs=
github.com/88labs/go-utils/aws v0.221.0/go.mod h1:PhEDNSgZaNSUJKC3GyEmyoTfZ0tj01Hjj5oPWaia/qw=
github.com/go-faker/faker/v4 v4.10.1 h1:mGH3y0X8AfrXsfgPsPuTkWBYIebomvdkWEN1uDLoFFg=
github.com/go-faker/faker/v4 v4.10.1/go.mod h1:VFIEwWDd16EdYDLF6NJ5gAAzEp7vz5LgKgJ2iZ17Tdg=
github.com/google/go-cmp v0.7.0 h1:wk8382ETsv4JYUZwIsn6YpYiWiBsYLSJiTsyBybVuN8=
github.com/google/go-cmp v0.7.0/go.mod h1:pXiqmnSA92OHEEa9HXL2W4E7lf9JzCmGVUdgjX3N/iU=
github.com/pkg/errors v0.9.1 h1:FEBLx1zS214owpjy7qsBeixbURkuhQAwrK5UwLGTwt4=
github.com/pkg/errors v0.9.1/go.mod h1:bwawxfHBFNV+L2hUp1rHADufV3IMtnDRdf1r5NINEl0=
golang.org/x/text v0.40.0 h1:Ub2Z6/xjgF1WrYQz2nuITOEegKFtiIy+rieRJ5lHZKs=
golang.org/x/text v0.40.0/go.mod h1:hpnzDAfGV753zIKo+wk3u1bVKCGPbrnF7+7LBF/UHVY=
gotest.tools v2.2.0+incompatible h1:VsBPFP1AI068pPrMxtb/S8Zkgf9xEmTLJjfM+P5UIEo=
gotest.tools v2.2.0+incompatible/go.mod h1:DsYFclhRJ6vuDpmuTbkuFWG+y2sxOXAzmJt81HFBacw=
