github.com/88labs/go-utils/ulid v0.9.0 h1:AG9qaNUe0CP9cZbQYwET6aQlT05q5IiFgupvXdqtaK8=
github.com/88labs/go-utils/ulid v0.9.0/go.mod h1:TnJg0NMq4A+maDe0AiROTmCjKACb6w0/Ao5KcWquaYQ=
github.com/88labs/go-utils/utf8bom v0.6.0 h1:6Wo5peQyCMEsOfKv4rpRQNotY1JV4/W2r7C7SmsoPIY=
github.com/88labs/go-utils/utf8bom v0.6.0/go.mod h1:tXm6OiURVNFIAbbF6ms8yurakaEwXWx3r24GorPPT+Q=
github.com/aws/aws-sdk-go-v2 v1.37.0 h1:YtCOESR/pN4j5oA7cVHSfOwIcuh/KwHC4DOSXFbv5F0=
github.com/aws/aws-sdk-go-v2 v1.37.0/go.mod h1:9Q0OoGQoboYIAJyslFyF1f5K1Ryddop8gqMhWx/n4Wg=
github.com/aws/aws-sdk-go-v2/aws/protocol/eventstream v1.7.0 h1:6GMWV6CNpA/6fbFHnoAjrv4+LGfyTqZz2LtCHnspgDg=
github.com/aws/aws-sdk-go-v2/aws/protocol/eventstream v1.7.0/go.mod h1:/mXlTIVG9jbxkqDnr5UQNQxW1HRYxeGklkM9vAFeabg=
github.com/aws/aws-sdk-go-v2/config v1.30.1 h1:sHL8g/+9tcZATeV2tEkEfxZeaNokDtKsSjGMGHD49qA=
github.com/aws/aws-sdk-go-v2/config v1.30.1/go.mod h1:wkibEyFfxXRyTSzRU4bbF5IUsSXyE4xQ4ZjkGmi5tFo=
github.com/aws/aws-sdk-go-v2/credentials v1.18.1 h1:E55xvOqlX7CvB66Z7rSM9usCrFU1ryUIUHqiXsEzVoE=
github.com/aws/aws-sdk-go-v2/credentials v1.18.1/go.mod h1:iobSQfR5MkvILxssGOvi/P1jjOhrRzfTiCPCzku0vx4=
github.com/aws/aws-sdk-go-v2/feature/dynamodb/attributevalue v1.20.0 h1:aoXu9ziqm5KAkz03LRjAOQwJMDxJ7OUQjk41JLZrp8U=
github.com/aws/aws-sdk-go-v2/feature/dynamodb/attributevalue v1.20.0/go.mod h1:6rPNJxj+oOXa7jiupAsgba9WBnIhPrkMQeKw/O/qGKo=
github.com/aws/aws-sdk-go-v2/feature/dynamodb/expression v1.8.0 h1:uL7HYZGm/bejqEgZhVoEHous0ANsteLc2axNKNlAhj8=
github.com/aws/aws-sdk-go-v2/feature/dynamodb/expression v1.8.0/go.mod h1:BtM0MLOg0f6cII2FJ5CAfezpwMxXymDnefDJA3gr3zk=
github.com/aws/aws-sdk-go-v2/feature/ec2/imds v1.18.0 h1:9sBTeKQwAvmJUWKIACIoiFSnxxl+sS++YDfr17/ngq0=
github.com/aws/aws-sdk-go-v2/feature/ec2/imds v1.18.0/go.mod h1:LW9/PxQD1SYFC7pnWcgqPhoyZprhjEdg5hBK6qYPLW8=
github.com/aws/aws-sdk-go-v2/feature/s3/manager v1.18.1 h1:aAjA/1JZ1xH/F9XvxJu9cXZyp7BqVXtHpztyZ6p799E=
github.com/aws/aws-sdk-go-v2/feature/s3/manager v1.18.1/go.mod h1:ia9HASsPba/7o84sp6iE4wZPdNTJ0oicBe5sWQQk+Ys=
github.com/aws/aws-sdk-go-v2/internal/configsources v1.4.0 h1:H2iZoqW/v2Jnrh1FnU725Bq6KJ0k2uP63yH+DcY+HUI=
github.com/aws/aws-sdk-go-v2/internal/configsources v1.4.0/go.mod h1:L0FqLbwMXHvNC/7crWV1iIxUlOKYZUE8KuTIA+TozAI=
github.com/aws/aws-sdk-go-v2/internal/endpoints/v2 v2.7.0 h1:EDped/rNzAhFPhVY0sDGbtD16OKqksfA8OjF/kLEgw8=
github.com/aws/aws-sdk-go-v2/internal/endpoints/v2 v2.7.0/go.mod h1:uUI335jvzpZRPpjYx6ODc/wg1qH+NnoSTK/FwVeK0C0=
github.com/aws/aws-sdk-go-v2/internal/ini v1.8.3 h1:bIqFDwgGXXN1Kpp99pDOdKMTTb5d2KyU5X/BZxjOkRo=
github.com/aws/aws-sdk-go-v2/internal/ini v1.8.3/go.mod h1:H5O/EsxDWyU+LP/V8i5sm8cxoZgc2fdNR9bxlOFrQTo=
github.com/aws/aws-sdk-go-v2/internal/v4a v1.4.0 h1:iLvW/zOkHGU3BDU5thWnj+UZ9pjhuVhv1loLj7yVtBw=
github.com/aws/aws-sdk-go-v2/internal/v4a v1.4.0/go.mod h1:Fn3gvhdF1x5Rs9nUoCy/fJT1ms8f8dO7RqM9lJHuazQ=
github.com/aws/aws-sdk-go-v2/service/cognitoidentity v1.30.0 h1:qOf/MjucrSePkhcxqx/J2Acax0cC7hwqJN+HzHXfbJ0=
github.com/aws/aws-sdk-go-v2/service/cognitoidentity v1.30.0/go.mod h1:+xtJoyncm21FXfCVZ6W5VvFSiBXAgcM5nt4cImrzHLY=
github.com/aws/aws-sdk-go-v2/service/dynamodb v1.45.0 h1:b71OPISZ5Tj4ehCRJKnabIq2U68pldgKqhiUMHnVNQ4=
github.com/aws/aws-sdk-go-v2/service/dynamodb v1.45.0/go.mod h1:+ZRTIYCk/PNwz8+ZGLBzvFu7Nl1/w7phtbEZFlvOZWc=
github.com/aws/aws-sdk-go-v2/service/dynamodbstreams v1.27.0 h1:QkM+uPkxFcbziCsngfGoWmSqoGIKiLQBm3kfRn6TcqA=
github.com/aws/aws-sdk-go-v2/service/dynamodbstreams v1.27.0/go.mod h1:ypO6bKwR/ir/ApZtN8MkDDcmeqvBskIbDxjqmcCUJOw=
github.com/aws/aws-sdk-go-v2/service/internal/accept-encoding v1.13.0 h1:6+lZi2JeGKtCraAj1rpoZfKqnQ9SptseRZioejfUOLM=
github.com/aws/aws-sdk-go-v2/service/internal/accept-encoding v1.13.0/go.mod h1:eb3gfbVIxIoGgJsi9pGne19dhCBpK6opTYpQqAmdy44=
github.com/aws/aws-sdk-go-v2/service/internal/checksum v1.8.0 h1:qGyLBQPphYzUf+IIlb5tHnvg1U2Vc5hXPcP7oRSQfy0=
github.com/aws/aws-sdk-go-v2/service/internal/checksum v1.8.0/go.mod h1:g+dzKSLXiR/8ATkPXmLhPOI6rDdjLP3tngeo3FvDcIw=
github.com/aws/aws-sdk-go-v2/service/internal/endpoint-discovery v1.11.0 h1:d/XdC88Wp2JVsomt1yw+nQgAX42fYwZlEK4K4zzHZuA=
github.com/aws/aws-sdk-go-v2/service/internal/endpoint-discovery v1.11.0/go.mod h1:ZfRwNlclmR48RAgflKBOi43bY1MjvraHZPsG3A/i0iw=
github.com/aws/aws-sdk-go-v2/service/internal/presigned-url v1.13.0 h1:eRhU3Sh8dGbaniI6B+I48XJMrTPRkK4DKo+vqIxziOU=
github.com/aws/aws-sdk-go-v2/service/internal/presigned-url v1.13.0/go.mod h1:paNLV18DZ6FnWE/bd06RIKPDIFpjuvCkGKWTG/GDBeM=
github.com/aws/aws-sdk-go-v2/service/internal/s3shared v1.19.0 h1:6jusT+XCcvnD+Elxvm7bUf5sCMTpZEp3AKjYQ4tWJSo=
github.com/aws/aws-sdk-go-v2/service/internal/s3shared v1.19.0/go.mod h1:LimGpdIF/sTBdgqwOEkrArXLCoTamK/9L9x8IKBFTIc=
github.com/aws/aws-sdk-go-v2/service/s3 v1.85.0 h1:gAV4NEp4A+JOrIdoXkAeyy6IOo7+X2s/jRuaHKYiMaU=
github.com/aws/aws-sdk-go-v2/service/s3 v1.85.0/go.mod h1:JIQwK8sZ5MuKGm5rrFwp9MHUcyYEsQNpVixuPDlnwaU=
github.com/aws/aws-sdk-go-v2/service/sqs v1.39.0 h1:i/RufAS5Qy+fEMF9A/PpIBXCtu1otrrGLlI3V3a2+ko=
github.com/aws/aws-sdk-go-v2/service/sqs v1.39.0/go.mod h1:d+t4DavxGo524hNXZugRjOmnofs+NKW2tu43KMzo+rQ=
github.com/aws/aws-sdk-go-v2/service/sso v1.26.0 h1:cuFWHH87GP1NBGXXfMicUbE7Oty5KpPxN6w4JpmuxYc=
github.com/aws/aws-sdk-go-v2/service/sso v1.26.0/go.mod h1:aJBemdlbCKyOXEXdXBqS7E+8S9XTDcOTaoOjtng54hA=
github.com/aws/aws-sdk-go-v2/service/ssooidc v1.31.0 h1:t2va+wewPOYIqC6XyJ4MGjiGKkczMAPsgq5W4FtL9ME=
github.com/aws/aws-sdk-go-v2/service/ssooidc v1.31.0/go.mod h1:ExCTcqYqN0hYYRsDlBVU8+68grqlWdgX9/nZJwQW4aY=
github.com/aws/aws-sdk-go-v2/service/sts v1.35.0 h1:FD9agdG4CeOGS3ORLByJk56YIXDS7mxFpmZyCtpqExc=
github.com/aws/aws-sdk-go-v2/service/sts v1.35.0/go.mod h1:NDzDPbBF1xtSTZUMuZx0w3hIfWzcL7X2AQ0Tr9becIQ=
github.com/aws/smithy-go v1.22.5 h1:P9ATCXPMb2mPjYBgueqJNCA5S9UfktsW0tTxi+a7eqw=
github.com/aws/smithy-go v1.22.5/go.mod h1:t1ufH5HMublsJYulve2RKmHDC15xu1f26kHCp/HgceI=
github.com/cenkalti/backoff/v4 v4.3.0 h1:MyRJ/UdXutAwSAT+s3wNd7MfTIcy71VQueUuFK343L8=
github.com/cenkalti/backoff/v4 v4.3.0/go.mod h1:Y3VNntkOUPxTVeUxJ/G5vcM//AlwfmyYozVcomhLiZE=
github.com/creack/pty v1.1.9/go.mod h1:oKZEueFk5CKHvIhNR5MUki03XCEU+Q6VDXinZuGJ33E=
github.com/davecgh/go-spew v1.1.1 h1:vj9j/u1bqnvCEfJOwUhtlOARqs3+rkHYY13jYWTU97c=
github.com/davecgh/go-spew v1.1.1/go.mod h1:J7Y8YcW2NihsgmVo/mv3lAwl/skON4iLHjSsI+c5H38=
github.com/go-faker/faker/v4 v4.6.1 h1:xUyVpAjEtB04l6XFY0V/29oR332rOSPWV4lU8RwDt4k=
github.com/go-faker/faker/v4 v4.6.1/go.mod h1:arSdxNCSt7mOhdk8tEolvHeIJ7eX4OX80wXjKKvkKBY=
github.com/kr/pretty v0.1.0/go.mod h1:dAy3ld7l9f0ibDNOQOHHMYYIIbhfbHSm3C4ZsoJORNo=
github.com/kr/pretty v0.2.1/go.mod h1:ipq/a2n7PKx3OHsz4KJII5eveXtPO4qwEXGdVfWzfnI=
github.com/kr/pretty v0.3.0 h1:WgNl7dwNpEZ6jJ9k1snq4pZsg7DOEN8hP9Xw0Tsjwk0=
github.com/kr/pretty v0.3.0/go.mod h1:640gp4NfQd8pI5XOwp5fnNeVWj67G7CFk/SaSQn7NBk=
github.com/kr/pty v1.1.1/go.mod h1:pFQYn66WHrOpPYNljwOMqo10TkYh1fy3cYio2l3bCsQ=
github.com/kr/text v0.1.0/go.mod h1:4Jbv+DJW3UT/LiOwJeYQe1efqtUx/iVham/4vfdArNI=
github.com/kr/text v0.2.0 h1:5Nx0Ya0ZqY2ygV366QzturHI13Jq95ApcVaJBhpS+AY=
github.com/kr/text v0.2.0/go.mod h1:eLer722TekiGuMkidMxC/pM04lWEeraHUUmBw8l2grE=
github.com/oklog/ulid/v2 v2.1.1 h1:suPZ4ARWLOJLegGFiZZ1dFAkqzhMjL3J1TzI+5wHz8s=
github.com/oklog/ulid/v2 v2.1.1/go.mod h1:rcEKHmBBKfef9DhnvX7y1HZBYxjXb0cP5ExxNsTT1QQ=
github.com/pborman/getopt v0.0.0-20170112200414-7148bc3a4c30/go.mod h1:85jBQOZwpVEaDAr341tbn15RS4fCAsIst0qp7i8ex1o=
github.com/pkg/diff v0.0.0-20210226163009-20ebb0f2a09e/go.mod h1:pJLUxLENpZxwdsKMEsNbx1VGcRFpLqf3715MtcvvzbA=
github.com/pmezard/go-difflib v1.0.0 h1:4DBwDE0NGyQoBHbLQYPwSUPoCMWR5BEzIk/f1lZbAQM=
github.com/pmezard/go-difflib v1.0.0/go.mod h1:iKH77koFhYxTK1pcRnkKkqfTogsbg7gZNVY4sRDYZ/4=
github.com/rogpeppe/go-internal v1.6.1/go.mod h1:xXDCJY+GAPziupqXw64V24skbSoqbTEfhy4qGm1nDQc=
github.com/rogpeppe/go-internal v1.8.0 h1:FCbCCtXNOY3UtUuHUYaghJg4y7Fd14rXifAYUAtL9R8=
github.com/rogpeppe/go-internal v1.8.0/go.mod h1:WmiCO8CzOY8rg0OYDC4/i/2WRWAB6poM+XZ2dLUbcbE=
github.com/stretchr/testify v1.10.0 h1:Xv5erBjTwe/5IxqUQTdXv5kgmIvbHo3QQyRwhJsOfJA=
github.com/stretchr/testify v1.10.0/go.mod h1:r2ic/lqez/lEtzL7wO/rwa5dbSLXVDPFyf8C91i36aY=
github.com/tomtwinkle/utfbomremover v0.1.1 h1:GYRMDznAkHQq5sBuzJULO9AsTA84kILhV26dVXsDKtM=
github.com/tomtwinkle/utfbomremover v0.1.1/go.mod h1:5iCGUVDwbVxfPVTgnMLZ7hZA5U+h1BsrMbkyzOcaz/0=
golang.org/x/sync v0.16.0 h1:ycBJEhp9p4vXvUZNszeOq0kGTPghopOL8q0fq3vstxw=
golang.org/x/sync v0.16.0/go.mod h1:1dzgHSNfp02xaA81J2MS99Qcpr2w7fw1gpm99rleRqA=
golang.org/x/text v0.27.0 h1:4fGWRpyh641NLlecmyl4LOe6yDdfaYNrGb2zdfo4JV4=
golang.org/x/text v0.27.0/go.mod h1:1D28KMCvyooCX9hBiosv5Tz/+YLxj0j7XhWjpSUF7CU=
gopkg.in/check.v1 v0.0.0-20161208181325-20d25e280405/go.mod h1:Co6ibVJAznAaIkqp8huTwlJQCZ016jof/cbN4VW5Yz0=
gopkg.in/check.v1 v1.0.0-20180628173108-788fd7840127/go.mod h1:Co6ibVJAznAaIkqp8huTwlJQCZ016jof/cbN4VW5Yz0=
gopkg.in/check.v1 v1.0.0-20201130134442-10cb98267c6c h1:Hei/4ADfdWqJk1ZMxUNpqntNwaWcugrBjAiHlqqRiVk=
gopkg.in/check.v1 v1.0.0-20201130134442-10cb98267c6c/go.mod h1:JHkPIbrfpd72SG/EVd6muEfDQjcINNoR0C8j2r3qZ4Q=
gopkg.in/errgo.v2 v2.1.0/go.mod h1:hNsd1EY+bozCKY1Ytp96fpM3vjJbqLJn88ws8XvfDNI=
gopkg.in/yaml.v3 v3.0.1 h1:fxVm/GzAzEWqLHuvctI91KS9hhNmmWOoWu0XTYJS7CA=
gopkg.in/yaml.v3 v3.0.1/go.mod h1:K4uyk7z7BCEPqu6E+C64Yfv1cQ7kz7rIZviUmN+EgEM=
