github.com/88labs/go-utils/ulid v0.2.0 h1:F4CNoXZirrzgvNNf1dxQAoPGX6AdoC9a/nZ/yk8E3w4=
github.com/88labs/go-utils/ulid v0.2.0/go.mod h1:7RT6ypL2s+Z+T/rSA0sJ7fLu3rK5LXE9VnBI3EeZsnI=
github.com/88labs/go-utils/utf8bom v0.3.0 h1:fUq25oFw+NhR4JXoVYi6FlW2edH1DhR5Hhm+acAyP4U=
github.com/88labs/go-utils/utf8bom v0.3.0/go.mod h1:HLoOaVaqf0vGfO648KM3XUEoguVXMxt1dFTLMi5ZyxM=
github.com/aws/aws-sdk-go-v2 v1.18.1/go.mod h1:uzbQtefpm44goOPmdKyAlXSNcwlRgF3ePWVW6EtJvvw=
github.com/aws/aws-sdk-go-v2 v1.19.0 h1:klAT+y3pGFBU/qVf1uzwttpBbiuozJYWzNLHioyDJ+k=
github.com/aws/aws-sdk-go-v2 v1.19.0/go.mod h1:uzbQtefpm44goOPmdKyAlXSNcwlRgF3ePWVW6EtJvvw=
github.com/aws/aws-sdk-go-v2/aws/protocol/eventstream v1.4.10 h1:dK82zF6kkPeCo8J1e+tGx4JdvDIQzj7ygIoLg8WMuGs=
github.com/aws/aws-sdk-go-v2/aws/protocol/eventstream v1.4.10/go.mod h1:VeTZetY5KRJLuD/7fkQXMU6Mw7H5m/KP2J5Iy9osMno=
github.com/aws/aws-sdk-go-v2/config v1.18.28 h1:TINEaKyh1Td64tqFvn09iYpKiWjmHYrG1fa91q2gnqw=
github.com/aws/aws-sdk-go-v2/config v1.18.28/go.mod h1:nIL+4/8JdAuNHEjn/gPEXqtnS02Q3NXB/9Z7o5xE4+A=
github.com/aws/aws-sdk-go-v2/credentials v1.13.27/go.mod h1:syOqAek45ZXZp29HlnRS/BNgMIW6uiRmeuQsz4Qh2UE=
github.com/aws/aws-sdk-go-v2/credentials v1.13.28 h1:WM9tEHgoOh5ThJZ042UKnSx7TXGSC/bz63X3fsrQL2o=
github.com/aws/aws-sdk-go-v2/credentials v1.13.28/go.mod h1:86BSbSeamnVVdr1hPfBZVN8SXM7KxSAZAvhNxVfi8fU=
github.com/aws/aws-sdk-go-v2/feature/dynamodb/attributevalue v1.10.31 h1:E8dD+ybAgXQDoXzFdosX8nKBG78yZLZLY83JGtuvyx8=
github.com/aws/aws-sdk-go-v2/feature/dynamodb/attributevalue v1.10.31/go.mod h1:KBfz/i2tcY+0H3IOOOMVk9Olw8GRmgFPlKamh4Ro0ts=
github.com/aws/aws-sdk-go-v2/feature/dynamodb/expression v1.4.58 h1:GJHzGBrUmQevWqa0CTxIRQd4qu8DkNcDUKRzcDy1Qzg=
github.com/aws/aws-sdk-go-v2/feature/dynamodb/expression v1.4.58/go.mod h1:xkwd24omkXMpLJZeceDFcEL/eL0w2rsnz6Wp08yl9PI=
github.com/aws/aws-sdk-go-v2/feature/ec2/imds v1.13.5 h1:kP3Me6Fy3vdi+9uHd7YLr6ewPxRL+PU6y15urfTaamU=
github.com/aws/aws-sdk-go-v2/feature/ec2/imds v1.13.5/go.mod h1:Gj7tm95r+QsDoN2Fhuz/3npQvcZbkEf5mL70n3Xfluc=
github.com/aws/aws-sdk-go-v2/feature/s3/manager v1.11.72 h1:m0MmP89v1B0t3b8W8rtATU76KNsodak69QtiokHyEvo=
github.com/aws/aws-sdk-go-v2/feature/s3/manager v1.11.72/go.mod h1:ylOTxIuoTL+XjH46Omv2iPjHdeGUk3SQ4hxYho4EHMA=
github.com/aws/aws-sdk-go-v2/internal/configsources v1.1.34/go.mod h1:wZpTEecJe0Btj3IYnDx/VlUzor9wm3fJHyvLpQF0VwY=
github.com/aws/aws-sdk-go-v2/internal/configsources v1.1.35 h1:hMUCiE3Zi5AHrRNGf5j985u0WyqI6r2NULhUfo0N/No=
github.com/aws/aws-sdk-go-v2/internal/configsources v1.1.35/go.mod h1:ipR5PvpSPqIqL5Mi82BxLnfMkHVbmco8kUwO2xrCi0M=
github.com/aws/aws-sdk-go-v2/internal/endpoints/v2 v2.4.28/go.mod h1:7VRpKQQedkfIEXb4k52I7swUnZP0wohVajJMRn3vsUw=
github.com/aws/aws-sdk-go-v2/internal/endpoints/v2 v2.4.29 h1:yOpYx+FTBdpk/g+sBU6Cb1H0U/TLEcYYp66mYqsPpcc=
github.com/aws/aws-sdk-go-v2/internal/endpoints/v2 v2.4.29/go.mod h1:M/eUABlDbw2uVrdAn+UsI6M727qp2fxkp8K0ejcBDUY=
github.com/aws/aws-sdk-go-v2/internal/ini v1.3.36 h1:8r5m1BoAWkn0TDC34lUculryf7nUF25EgIMdjvGCkgo=
github.com/aws/aws-sdk-go-v2/internal/ini v1.3.36/go.mod h1:Rmw2M1hMVTwiUhjwMoIBFWFJMhvJbct06sSidxInkhY=
github.com/aws/aws-sdk-go-v2/internal/v4a v1.0.27 h1:cZG7psLfqpkB6H+fIrgUDWmlzM474St1LP0jcz272yI=
github.com/aws/aws-sdk-go-v2/internal/v4a v1.0.27/go.mod h1:ZdjYvJpDlefgh8/hWelJhqgqJeodxu4SmbVsSdBlL7E=
github.com/aws/aws-sdk-go-v2/service/cognitoidentity v1.15.13 h1:rMea2eUnnuDpwGeWTiYxZjCNOvKResVnW0KTYF1n2hI=
github.com/aws/aws-sdk-go-v2/service/cognitoidentity v1.15.13/go.mod h1:6ysb13E+Ah8lESQ5Ajb2N7U9hPFU4AphflgTwhpBt3I=
github.com/aws/aws-sdk-go-v2/service/dynamodb v1.20.1 h1:gknY3OHEGXaLamootb1VaJSohtHwcIMGvm23VnZVIzE=
github.com/aws/aws-sdk-go-v2/service/dynamodb v1.20.1/go.mod h1:iA/evsHrPWhDyMj6cuMa6qlFTqSqYXoKs8LSvIFauTA=
github.com/aws/aws-sdk-go-v2/service/dynamodbstreams v1.14.15 h1:yonnEISVD77M77F813Va41d8wl3A1W6HhfEmrVOcqfM=
github.com/aws/aws-sdk-go-v2/service/dynamodbstreams v1.14.15/go.mod h1:3zUTVwCixtSfFyNFK0P0x92IMkfTZQpuXH7Lk/WbW9g=
github.com/aws/aws-sdk-go-v2/service/internal/accept-encoding v1.9.11 h1:y2+VQzC6Zh2ojtV2LoC0MNwHWc6qXv/j2vrQtlftkdA=
github.com/aws/aws-sdk-go-v2/service/internal/accept-encoding v1.9.11/go.mod h1:iV4q2hsqtNECrfmlXyord9u4zyuFEJX9eLgLpSPzWA8=
github.com/aws/aws-sdk-go-v2/service/internal/checksum v1.1.30 h1:Bje8Xkh2OWpjBdNfXLrnn8eZg569dUQmhgtydxAYyP0=
github.com/aws/aws-sdk-go-v2/service/internal/checksum v1.1.30/go.mod h1:qQtIBl5OVMfmeQkz8HaVyh5DzFmmFXyvK27UgIgOr4c=
github.com/aws/aws-sdk-go-v2/service/internal/endpoint-discovery v1.7.29 h1:gajv/wALzb2KgK9YKq1jW+y2ZgL5o4A+UZmFfZi8lSY=
github.com/aws/aws-sdk-go-v2/service/internal/endpoint-discovery v1.7.29/go.mod h1:SYEgYIjFeLoPSOCIqdFr44QiBwGlnsUIHqMD5OZnsgg=
github.com/aws/aws-sdk-go-v2/service/internal/presigned-url v1.9.29 h1:IiDolu/eLmuB18DRZibj77n1hHQT7z12jnGO7Ze3pLc=
github.com/aws/aws-sdk-go-v2/service/internal/presigned-url v1.9.29/go.mod h1:fDbkK4o7fpPXWn8YAPmTieAMuB9mk/VgvW64uaUqxd4=
github.com/aws/aws-sdk-go-v2/service/internal/s3shared v1.14.4 h1:hx4WksB0NRQ9utR+2c3gEGzl6uKj3eM6PMQ6tN3lgXs=
github.com/aws/aws-sdk-go-v2/service/internal/s3shared v1.14.4/go.mod h1:JniVpqvw90sVjNqanGLufrVapWySL28fhBlYgl96Q/w=
github.com/aws/aws-sdk-go-v2/service/s3 v1.37.0 h1:PalLOEGZ/4XfQxpGZFTLaoJSmPoybnqJYotaIZEf/Rg=
github.com/aws/aws-sdk-go-v2/service/s3 v1.37.0/go.mod h1:PwyKKVL0cNkC37QwLcrhyeCrAk+5bY8O2ou7USyAS2A=
github.com/aws/aws-sdk-go-v2/service/sqs v1.23.2 h1:Y2vfLiY3HmaMisuwx6fS2kMRYbajRXXB+9vesGVPseY=
github.com/aws/aws-sdk-go-v2/service/sqs v1.23.2/go.mod h1:TaV67b6JMD1988x/uMDop/JnMFK6v5d4Ru+sDmFg+ww=
github.com/aws/aws-sdk-go-v2/service/sso v1.12.13 h1:sWDv7cMITPcZ21QdreULwxOOAmE05JjEsT6fCDtDA9k=
github.com/aws/aws-sdk-go-v2/service/sso v1.12.13/go.mod h1:DfX0sWuT46KpcqbMhJ9QWtxAIP1VozkDWf8VAkByjYY=
github.com/aws/aws-sdk-go-v2/service/ssooidc v1.14.13 h1:BFubHS/xN5bjl818QaroN6mQdjneYQ+AOx44KNXlyH4=
github.com/aws/aws-sdk-go-v2/service/ssooidc v1.14.13/go.mod h1:BzqsVVFduubEmzrVtUFQQIQdFqvUItF8XUq2EnS8Wog=
github.com/aws/aws-sdk-go-v2/service/sts v1.19.3/go.mod h1:yVGZA1CPkmUhBdA039jXNJJG7/6t+G+EBWmFq23xqnY=
github.com/aws/aws-sdk-go-v2/service/sts v1.20.0 h1:jKmIOO+dFvCPuIhhM8u0Dy3dtd590n2kEDSYiGHoI98=
github.com/aws/aws-sdk-go-v2/service/sts v1.20.0/go.mod h1:yVGZA1CPkmUhBdA039jXNJJG7/6t+G+EBWmFq23xqnY=
github.com/aws/smithy-go v1.13.5 h1:hgz0X/DX0dGqTYpGALqXJoRKRj5oQ7150i5FdTePzO8=
github.com/aws/smithy-go v1.13.5/go.mod h1:Tg+OJXh4MB2R/uN61Ko2f6hTZwB/ZYGOtib8J3gBHzA=
github.com/bxcodec/faker/v3 v3.8.1 h1:qO/Xq19V6uHt2xujwpaetgKhraGCapqY2CRWGD/SqcM=
github.com/bxcodec/faker/v3 v3.8.1/go.mod h1:DdSDccxF5msjFo5aO4vrobRQ8nIApg8kq3QWPEQD6+o=
github.com/creack/pty v1.1.9/go.mod h1:oKZEueFk5CKHvIhNR5MUki03XCEU+Q6VDXinZuGJ33E=
github.com/davecgh/go-spew v1.1.0/go.mod h1:J7Y8YcW2NihsgmVo/mv3lAwl/skON4iLHjSsI+c5H38=
github.com/davecgh/go-spew v1.1.1 h1:vj9j/u1bqnvCEfJOwUhtlOARqs3+rkHYY13jYWTU97c=
github.com/davecgh/go-spew v1.1.1/go.mod h1:J7Y8YcW2NihsgmVo/mv3lAwl/skON4iLHjSsI+c5H38=
github.com/google/go-cmp v0.5.8/go.mod h1:17dUlkBOakJ0+DkrSSNjCkIjxS6bF9zb3elmeNGIjoY=
github.com/google/go-cmp v0.5.9 h1:O2Tfq5qg4qc4AmwVlvv0oLiVAGB7enBSJ2x2DqQFi38=
github.com/google/go-cmp v0.5.9/go.mod h1:17dUlkBOakJ0+DkrSSNjCkIjxS6bF9zb3elmeNGIjoY=
github.com/jmespath/go-jmespath v0.4.0 h1:BEgLn5cpjn8UN1mAw4NjwDrS35OdebyEtFe+9YPoQUg=
github.com/jmespath/go-jmespath v0.4.0/go.mod h1:T8mJZnbsbmF+m6zOOFylbeCJqk5+pHWvzYPziyZiYoo=
github.com/jmespath/go-jmespath/internal/testify v1.5.1 h1:shLQSRRSCCPj3f2gpwzGwWFoC7ycTf1rcQZHOlsJ6N8=
github.com/jmespath/go-jmespath/internal/testify v1.5.1/go.mod h1:L3OGu8Wl2/fWfCI6z80xFu9LTZmf1ZRjMHUOPmWr69U=
github.com/kr/pretty v0.1.0/go.mod h1:dAy3ld7l9f0ibDNOQOHHMYYIIbhfbHSm3C4ZsoJORNo=
github.com/kr/pretty v0.2.1/go.mod h1:ipq/a2n7PKx3OHsz4KJII5eveXtPO4qwEXGdVfWzfnI=
github.com/kr/pretty v0.3.0 h1:WgNl7dwNpEZ6jJ9k1snq4pZsg7DOEN8hP9Xw0Tsjwk0=
github.com/kr/pretty v0.3.0/go.mod h1:640gp4NfQd8pI5XOwp5fnNeVWj67G7CFk/SaSQn7NBk=
github.com/kr/pty v1.1.1/go.mod h1:pFQYn66WHrOpPYNljwOMqo10TkYh1fy3cYio2l3bCsQ=
github.com/kr/text v0.1.0/go.mod h1:4Jbv+DJW3UT/LiOwJeYQe1efqtUx/iVham/4vfdArNI=
github.com/kr/text v0.2.0 h1:5Nx0Ya0ZqY2ygV366QzturHI13Jq95ApcVaJBhpS+AY=
github.com/kr/text v0.2.0/go.mod h1:eLer722TekiGuMkidMxC/pM04lWEeraHUUmBw8l2grE=
github.com/oklog/ulid/v2 v2.1.0 h1:+9lhoxAP56we25tyYETBBY1YLA2SaoLvUFgrP2miPJU=
github.com/oklog/ulid/v2 v2.1.0/go.mod h1:rcEKHmBBKfef9DhnvX7y1HZBYxjXb0cP5ExxNsTT1QQ=
github.com/pborman/getopt v0.0.0-20170112200414-7148bc3a4c30/go.mod h1:85jBQOZwpVEaDAr341tbn15RS4fCAsIst0qp7i8ex1o=
github.com/pkg/diff v0.0.0-20210226163009-20ebb0f2a09e/go.mod h1:pJLUxLENpZxwdsKMEsNbx1VGcRFpLqf3715MtcvvzbA=
github.com/pmezard/go-difflib v1.0.0 h1:4DBwDE0NGyQoBHbLQYPwSUPoCMWR5BEzIk/f1lZbAQM=
github.com/pmezard/go-difflib v1.0.0/go.mod h1:iKH77koFhYxTK1pcRnkKkqfTogsbg7gZNVY4sRDYZ/4=
github.com/rogpeppe/go-internal v1.6.1/go.mod h1:xXDCJY+GAPziupqXw64V24skbSoqbTEfhy4qGm1nDQc=
github.com/rogpeppe/go-internal v1.8.0 h1:FCbCCtXNOY3UtUuHUYaghJg4y7Fd14rXifAYUAtL9R8=
github.com/rogpeppe/go-internal v1.8.0/go.mod h1:WmiCO8CzOY8rg0OYDC4/i/2WRWAB6poM+XZ2dLUbcbE=
github.com/stretchr/objx v0.1.0/go.mod h1:HFkY916IF+rwdDfMAkV7OtwuqBVzrE8GR6GFx+wExME=
github.com/stretchr/testify v1.8.4 h1:CcVxjf3Q8PM0mHUKJCdn+eZZtm5yQwehR5yeSVQQcUk=
github.com/stretchr/testify v1.8.4/go.mod h1:sz/lmYIOXD/1dqDmKjjqLyZ2RngseejIcXlSw2iwfAo=
github.com/tomtwinkle/utfbomremover v0.1.1 h1:GYRMDznAkHQq5sBuzJULO9AsTA84kILhV26dVXsDKtM=
github.com/tomtwinkle/utfbomremover v0.1.1/go.mod h1:5iCGUVDwbVxfPVTgnMLZ7hZA5U+h1BsrMbkyzOcaz/0=
golang.org/x/sync v0.3.0 h1:ftCYgMx6zT/asHUrPw8BLLscYtGznsLAnjq5RH9P66E=
golang.org/x/sync v0.3.0/go.mod h1:FU7BRWz2tNW+3quACPkgCx/L+uEAv1htQ0V83Z9Rj+Y=
golang.org/x/text v0.11.0 h1:LAntKIrcmeSKERyiOh0XMV39LXS8IE9UL2yP7+f5ij4=
golang.org/x/text v0.11.0/go.mod h1:TvPlkZtksWOMsz7fbANvkp4WM8x/WCo/om8BMLbz+aE=
gopkg.in/check.v1 v0.0.0-20161208181325-20d25e280405/go.mod h1:Co6ibVJAznAaIkqp8huTwlJQCZ016jof/cbN4VW5Yz0=
gopkg.in/check.v1 v1.0.0-20180628173108-788fd7840127/go.mod h1:Co6ibVJAznAaIkqp8huTwlJQCZ016jof/cbN4VW5Yz0=
gopkg.in/check.v1 v1.0.0-20201130134442-10cb98267c6c h1:Hei/4ADfdWqJk1ZMxUNpqntNwaWcugrBjAiHlqqRiVk=
gopkg.in/check.v1 v1.0.0-20201130134442-10cb98267c6c/go.mod h1:JHkPIbrfpd72SG/EVd6muEfDQjcINNoR0C8j2r3qZ4Q=
gopkg.in/errgo.v2 v2.1.0/go.mod h1:hNsd1EY+bozCKY1Ytp96fpM3vjJbqLJn88ws8XvfDNI=
gopkg.in/yaml.v2 v2.2.8/go.mod h1:hI93XBmqTisBFMUTm0b8Fm+jr3Dg1NNxqwp+5A1VGuI=
gopkg.in/yaml.v2 v2.4.0 h1:D8xgwECY7CYvx+Y2n4sBz93Jn9JRvxdiyyo8CTfuKaY=
gopkg.in/yaml.v2 v2.4.0/go.mod h1:RDklbk79AGWmwhnvt/jBztapEOGDOx6ZbXqjP6csGnQ=
gopkg.in/yaml.v3 v3.0.1 h1:fxVm/GzAzEWqLHuvctI91KS9hhNmmWOoWu0XTYJS7CA=
gopkg.in/yaml.v3 v3.0.1/go.mod h1:K4uyk7z7BCEPqu6E+C64Yfv1cQ7kz7rIZviUmN+EgEM=
